
Microsoft Visual Studio Solution File, Format Version 12.00
# Visual Studio Version 17
VisualStudioVersion = 17.5.33209.295
MinimumVisualStudioVersion = 10.0.40219.1
Project("{9A19103F-16F7-4668-BE54-9A1E7A4F7556}") = "MudBlazorServerId", "MudBlazorServerId.csproj", "{D6E0FB2A-6FD4-4490-AEFD-6ABF61F8D93F}"
EndProject
Global
	GlobalSection(SolutionConfigurationPlatforms) = preSolution
		Debug|Any CPU = Debug|Any CPU
		Release|Any CPU = Release|Any CPU
	EndGlobalSection
	GlobalSection(ProjectConfigurationPlatforms) = postSolution
		{D6E0FB2A-6FD4-4490-AEFD-6ABF61F8D93F}.Debug|Any CPU.ActiveCfg = Debug|Any CPU
		{D6E0FB2A-6FD4-4490-AEFD-6ABF61F8D93F}.Debug|Any CPU.Build.0 = Debug|Any CPU
		{D6E0FB2A-6FD4-4490-AEFD-6ABF61F8D93F}.Release|Any CPU.ActiveCfg = Release|Any CPU
		{D6E0FB2A-6FD4-4490-AEFD-6ABF61F8D93F}.Release|Any CPU.Build.0 = Release|Any CPU
	EndGlobalSection
	GlobalSection(SolutionProperties) = preSolution
		HideSolutionNode = FALSE
	EndGlobalSection
	GlobalSection(ExtensibilityGlobals) = postSolution
		SolutionGuid = {01248BBB-E8D2-42C5-BB89-033F693EE38A}
	EndGlobalSection
EndGlobal
